
Microsoft Visual Studio Solution File, Format Version 12.00
# Visual Studio Version 16
VisualStudioVersion = 16.0.31105.61
MinimumVisualStudioVersion = 10.0.40219.1
Project("{2150E333-8FDC-42A3-9474-1A3956D46DE8}") = "src", "src", "{F9F78EA3-19FF-4E02-9E11-107AF2D0BC1D}"
EndProject
Project("{2150E333-8FDC-42A3-9474-1A3956D46DE8}") = "WebApi", "WebApi", "{6B00F9AC-9CCA-4D7A-A943-2C5DE11B8074}"
EndProject
Project("{2150E333-8FDC-42A3-9474-1A3956D46DE8}") = "BusinessLogic", "BusinessLogic", "{CAC02A03-852B-4AE4-B91F-8E9E7261CDF0}"
EndProject
Project("{2150E333-8FDC-42A3-9474-1A3956D46DE8}") = "Models", "Models", "{ED13405B-3F1C-4D99-8871-ED6FDEA3B4C4}"
EndProject
Project("{2150E333-8FDC-42A3-9474-1A3956D46DE8}") = "Repositories", "Repositories", "{C345E7D8-7017-4B4F-88A4-AE64D9E87D11}"
EndProject
Project("{2150E333-8FDC-42A3-9474-1A3956D46DE8}") = "Resources", "Resources", "{52DC13BA-1A25-4FFD-9841-2F999746608D}"
EndProject
Project("{2150E333-8FDC-42A3-9474-1A3956D46DE8}") = "Services", "Services", "{1FCCC95D-4300-4097-823D-5B5FCF1DD2A3}"
EndProject
Project("{9A19103F-16F7-4668-BE54-9A1E7A4F7556}") = "School.Api", "src\School.Api\School.Api.csproj", "{E6C1B89C-9732-4A5B-9B24-07F949FD4DEC}"
EndProject
Project("{9A19103F-16F7-4668-BE54-9A1E7A4F7556}") = "School.BusinessLogic", "src\School.BusinessLogic\School.BusinessLogic.csproj", "{A9ADC7BD-9B20-4FF4-82CC-FBB61F898F2A}"
EndProject
Project("{9A19103F-16F7-4668-BE54-9A1E7A4F7556}") = "School.BusinessLogic.Interfaces", "src\School.BusinessLogic.Interfaces\School.BusinessLogic.Interfaces.csproj", "{1D5D8AB4-C390-4628-9D2A-DDCBFABCC0EF}"
EndProject
Project("{9A19103F-16F7-4668-BE54-9A1E7A4F7556}") = "School.DataModel", "src\School.DataModel\School.DataModel.csproj", "{68292988-38B6-4BAE-A473-EE7C50879F48}"
EndProject
Project("{9A19103F-16F7-4668-BE54-9A1E7A4F7556}") = "School.Mapper", "src\School.Mapper\School.Mapper.csproj", "{AE6F8EA5-A6EC-4FA6-8DD7-FB6F86476C82}"
EndProject
Project("{9A19103F-16F7-4668-BE54-9A1E7A4F7556}") = "School.Resources", "src\School.Resources\School.Resources.csproj", "{0F17F20B-70DD-44AC-91DF-07241809F2DA}"
EndProject
Project("{9A19103F-16F7-4668-BE54-9A1E7A4F7556}") = "School.Services", "src\School.Services\School.Services.csproj", "{9AD797D9-2450-46A9-9C1B-F5495D8396DE}"
EndProject
Project("{9A19103F-16F7-4668-BE54-9A1E7A4F7556}") = "School.Services.Interfaces", "src\School.Services.Interfaces\School.Services.Interfaces.csproj", "{E1206E21-9F0B-4585-B4EA-6EFE8668BFFF}"
EndProject
Project("{9A19103F-16F7-4668-BE54-9A1E7A4F7556}") = "School.DependencyInjection", "src\School.DependencyInjection\School.DependencyInjection.csproj", "{B81BDE55-E4DB-48A5-844F-5C357F4EE623}"
EndProject
Project("{9A19103F-16F7-4668-BE54-9A1E7A4F7556}") = "School.BusinessModel", "src\School.BusinessModel\School.BusinessModel.csproj", "{D12C6CF5-4DE1-4D9B-91E8-9AAE5B21F3E3}"
EndProject
Global
	GlobalSection(SolutionConfigurationPlatforms) = preSolution
		Debug|Any CPU = Debug|Any CPU
		Release|Any CPU = Release|Any CPU
	EndGlobalSection
	GlobalSection(ProjectConfigurationPlatforms) = postSolution
		{E6C1B89C-9732-4A5B-9B24-07F949FD4DEC}.Debug|Any CPU.ActiveCfg = Debug|Any CPU
		{E6C1B89C-9732-4A5B-9B24-07F949FD4DEC}.Debug|Any CPU.Build.0 = Debug|Any CPU
		{E6C1B89C-9732-4A5B-9B24-07F949FD4DEC}.Release|Any CPU.ActiveCfg = Release|Any CPU
		{E6C1B89C-9732-4A5B-9B24-07F949FD4DEC}.Release|Any CPU.Build.0 = Release|Any CPU
		{A9ADC7BD-9B20-4FF4-82CC-FBB61F898F2A}.Debug|Any CPU.ActiveCfg = Debug|Any CPU
		{A9ADC7BD-9B20-4FF4-82CC-FBB61F898F2A}.Debug|Any CPU.Build.0 = Debug|Any CPU
		{A9ADC7BD-9B20-4FF4-82CC-FBB61F898F2A}.Release|Any CPU.ActiveCfg = Release|Any CPU
		{A9ADC7BD-9B20-4FF4-82CC-FBB61F898F2A}.Release|Any CPU.Build.0 = Release|Any CPU
		{1D5D8AB4-C390-4628-9D2A-DDCBFABCC0EF}.Debug|Any CPU.ActiveCfg = Debug|Any CPU
		{1D5D8AB4-C390-4628-9D2A-DDCBFABCC0EF}.Debug|Any CPU.Build.0 = Debug|Any CPU
		{1D5D8AB4-C390-4628-9D2A-DDCBFABCC0EF}.Release|Any CPU.ActiveCfg = Release|Any CPU
		{1D5D8AB4-C390-4628-9D2A-DDCBFABCC0EF}.Release|Any CPU.Build.0 = Release|Any CPU
		{68292988-38B6-4BAE-A473-EE7C50879F48}.Debug|Any CPU.ActiveCfg = Debug|Any CPU
		{68292988-38B6-4BAE-A473-EE7C50879F48}.Debug|Any CPU.Build.0 = Debug|Any CPU
		{68292988-38B6-4BAE-A473-EE7C50879F48}.Release|Any CPU.ActiveCfg = Release|Any CPU
		{68292988-38B6-4BAE-A473-EE7C50879F48}.Release|Any CPU.Build.0 = Release|Any CPU
		{AE6F8EA5-A6EC-4FA6-8DD7-FB6F86476C82}.Debug|Any CPU.ActiveCfg = Debug|Any CPU
		{AE6F8EA5-A6EC-4FA6-8DD7-FB6F86476C82}.Debug|Any CPU.Build.0 = Debug|Any CPU
		{AE6F8EA5-A6EC-4FA6-8DD7-FB6F86476C82}.Release|Any CPU.ActiveCfg = Release|Any CPU
		{AE6F8EA5-A6EC-4FA6-8DD7-FB6F86476C82}.Release|Any CPU.Build.0 = Release|Any CPU
		{0F17F20B-70DD-44AC-91DF-07241809F2DA}.Debug|Any CPU.ActiveCfg = Debug|Any CPU
		{0F17F20B-70DD-44AC-91DF-07241809F2DA}.Debug|Any CPU.Build.0 = Debug|Any CPU
		{0F17F20B-70DD-44AC-91DF-07241809F2DA}.Release|Any CPU.ActiveCfg = Release|Any CPU
		{0F17F20B-70DD-44AC-91DF-07241809F2DA}.Release|Any CPU.Build.0 = Release|Any CPU
		{9AD797D9-2450-46A9-9C1B-F5495D8396DE}.Debug|Any CPU.ActiveCfg = Debug|Any CPU
		{9AD797D9-2450-46A9-9C1B-F5495D8396DE}.Debug|Any CPU.Build.0 = Debug|Any CPU
		{9AD797D9-2450-46A9-9C1B-F5495D8396DE}.Release|Any CPU.ActiveCfg = Release|Any CPU
		{9AD797D9-2450-46A9-9C1B-F5495D8396DE}.Release|Any CPU.Build.0 = Release|Any CPU
		{E1206E21-9F0B-4585-B4EA-6EFE8668BFFF}.Debug|Any CPU.ActiveCfg = Debug|Any CPU
		{E1206E21-9F0B-4585-B4EA-6EFE8668BFFF}.Debug|Any CPU.Build.0 = Debug|Any CPU
		{E1206E21-9F0B-4585-B4EA-6EFE8668BFFF}.Release|Any CPU.ActiveCfg = Release|Any CPU
		{E1206E21-9F0B-4585-B4EA-6EFE8668BFFF}.Release|Any CPU.Build.0 = Release|Any CPU
		{B81BDE55-E4DB-48A5-844F-5C357F4EE623}.Debug|Any CPU.ActiveCfg = Debug|Any CPU
		{B81BDE55-E4DB-48A5-844F-5C357F4EE623}.Debug|Any CPU.Build.0 = Debug|Any CPU
		{B81BDE55-E4DB-48A5-844F-5C357F4EE623}.Release|Any CPU.ActiveCfg = Release|Any CPU
		{B81BDE55-E4DB-48A5-844F-5C357F4EE623}.Release|Any CPU.Build.0 = Release|Any CPU
		{D12C6CF5-4DE1-4D9B-91E8-9AAE5B21F3E3}.Debug|Any CPU.ActiveCfg = Debug|Any CPU
		{D12C6CF5-4DE1-4D9B-91E8-9AAE5B21F3E3}.Debug|Any CPU.Build.0 = Debug|Any CPU
		{D12C6CF5-4DE1-4D9B-91E8-9AAE5B21F3E3}.Release|Any CPU.ActiveCfg = Release|Any CPU
		{D12C6CF5-4DE1-4D9B-91E8-9AAE5B21F3E3}.Release|Any CPU.Build.0 = Release|Any CPU
	EndGlobalSection
	GlobalSection(SolutionProperties) = preSolution
		HideSolutionNode = FALSE
	EndGlobalSection
	GlobalSection(NestedProjects) = preSolution
		{6B00F9AC-9CCA-4D7A-A943-2C5DE11B8074} = {F9F78EA3-19FF-4E02-9E11-107AF2D0BC1D}
		{CAC02A03-852B-4AE4-B91F-8E9E7261CDF0} = {F9F78EA3-19FF-4E02-9E11-107AF2D0BC1D}
		{ED13405B-3F1C-4D99-8871-ED6FDEA3B4C4} = {F9F78EA3-19FF-4E02-9E11-107AF2D0BC1D}
		{C345E7D8-7017-4B4F-88A4-AE64D9E87D11} = {F9F78EA3-19FF-4E02-9E11-107AF2D0BC1D}
		{52DC13BA-1A25-4FFD-9841-2F999746608D} = {F9F78EA3-19FF-4E02-9E11-107AF2D0BC1D}
		{1FCCC95D-4300-4097-823D-5B5FCF1DD2A3} = {F9F78EA3-19FF-4E02-9E11-107AF2D0BC1D}
		{E6C1B89C-9732-4A5B-9B24-07F949FD4DEC} = {6B00F9AC-9CCA-4D7A-A943-2C5DE11B8074}
		{A9ADC7BD-9B20-4FF4-82CC-FBB61F898F2A} = {CAC02A03-852B-4AE4-B91F-8E9E7261CDF0}
		{1D5D8AB4-C390-4628-9D2A-DDCBFABCC0EF} = {CAC02A03-852B-4AE4-B91F-8E9E7261CDF0}
		{68292988-38B6-4BAE-A473-EE7C50879F48} = {ED13405B-3F1C-4D99-8871-ED6FDEA3B4C4}
		{AE6F8EA5-A6EC-4FA6-8DD7-FB6F86476C82} = {ED13405B-3F1C-4D99-8871-ED6FDEA3B4C4}
		{0F17F20B-70DD-44AC-91DF-07241809F2DA} = {52DC13BA-1A25-4FFD-9841-2F999746608D}
		{9AD797D9-2450-46A9-9C1B-F5495D8396DE} = {1FCCC95D-4300-4097-823D-5B5FCF1DD2A3}
		{E1206E21-9F0B-4585-B4EA-6EFE8668BFFF} = {1FCCC95D-4300-4097-823D-5B5FCF1DD2A3}
		{B81BDE55-E4DB-48A5-844F-5C357F4EE623} = {F9F78EA3-19FF-4E02-9E11-107AF2D0BC1D}
		{D12C6CF5-4DE1-4D9B-91E8-9AAE5B21F3E3} = {ED13405B-3F1C-4D99-8871-ED6FDEA3B4C4}
	EndGlobalSection
	GlobalSection(ExtensibilityGlobals) = postSolution
		SolutionGuid = {F7BFF44E-A3DF-4D7B-B491-41FB9ABCDDA3}
	EndGlobalSection
EndGlobal
